
Microsoft Visual Studio Solution File, Format Version 12.00
Project("{2150E333-8FDC-42A3-9474-1A3956D46DE8}") = "packages", "packages", "{B2038C6B-5338-4A76-AF4F-2A4E8692BF6E}"
EndProject
Project("{2150E333-8FDC-42A3-9474-1A3956D46DE8}") = "samples", "samples", "{6602CF55-B7B8-4466-81CB-1A600068CC3F}"
EndProject
Project("{2150E333-8FDC-42A3-9474-1A3956D46DE8}") = "tests", "tests", "{04424310-F4C5-420F-AFFA-B929A8D07DC4}"
EndProject
Project("{FAE04EC0-301F-11D3-BF4B-00C04F79EFBC}") = "Country.Reference.Iso3166", "packages\Country.Reference.Iso3166\Country.Reference.Iso3166.csproj", "{B8C15C2C-5F8A-4C9C-927B-AE9946534E9C}"
EndProject
Project("{FAE04EC0-301F-11D3-BF4B-00C04F79EFBC}") = "Country.Reference.Iso3166.Generators", "packages\Country.Reference.Iso3166.Generators\Country.Reference.Iso3166.Generators.csproj", "{00814B44-43C4-4230-8A5D-15730E0EA738}"
EndProject
Project("{FAE04EC0-301F-11D3-BF4B-00C04F79EFBC}") = "Country.Reference.Iso3166.Tests", "tests\Country.Reference.Iso3166.Tests\Country.Reference.Iso3166.Tests.csproj", "{9CD71F43-4E0D-4EE1-B02E-623F15AA01EB}"
EndProject
Project("{FAE04EC0-301F-11D3-BF4B-00C04F79EFBC}") = "Country.Reference.Iso3166.Generators.Tests", "tests\Country.Reference.Iso3166.Generators.Tests\Country.Reference.Iso3166.Generators.Tests.csproj", "{58ED09AB-F167-4532-B809-F53B8F8CF7CC}"
EndProject
Project("{FAE04EC0-301F-11D3-BF4B-00C04F79EFBC}") = "Country.Reference.Iso3166.WebApi", "samples\Country.Reference.Iso3166.WebApi\Country.Reference.Iso3166.WebApi.csproj", "{6321C47D-C275-424C-ACD7-390367A9968E}"
EndProject
Project("{FAE04EC0-301F-11D3-BF4B-00C04F79EFBC}") = "Country.Reference.Iso3166.Console", "samples\Country.Reference.Iso3166.Console\Country.Reference.Iso3166.Console.csproj", "{6364342A-33F1-46FF-9DAB-DF3B24113905}"
EndProject
Global
	GlobalSection(SolutionConfigurationPlatforms) = preSolution
		Debug|Any CPU = Debug|Any CPU
		Release|Any CPU = Release|Any CPU
	EndGlobalSection
	GlobalSection(NestedProjects) = preSolution
		{B8C15C2C-5F8A-4C9C-927B-AE9946534E9C} = {B2038C6B-5338-4A76-AF4F-2A4E8692BF6E}
		{00814B44-43C4-4230-8A5D-15730E0EA738} = {B2038C6B-5338-4A76-AF4F-2A4E8692BF6E}
		{9CD71F43-4E0D-4EE1-B02E-623F15AA01EB} = {04424310-F4C5-420F-AFFA-B929A8D07DC4}
		{58ED09AB-F167-4532-B809-F53B8F8CF7CC} = {04424310-F4C5-420F-AFFA-B929A8D07DC4}
		{6321C47D-C275-424C-ACD7-390367A9968E} = {6602CF55-B7B8-4466-81CB-1A600068CC3F}
		{6364342A-33F1-46FF-9DAB-DF3B24113905} = {6602CF55-B7B8-4466-81CB-1A600068CC3F}
	EndGlobalSection
	GlobalSection(ProjectConfigurationPlatforms) = postSolution
		{B8C15C2C-5F8A-4C9C-927B-AE9946534E9C}.Debug|Any CPU.ActiveCfg = Debug|Any CPU
		{B8C15C2C-5F8A-4C9C-927B-AE9946534E9C}.Debug|Any CPU.Build.0 = Debug|Any CPU
		{B8C15C2C-5F8A-4C9C-927B-AE9946534E9C}.Release|Any CPU.ActiveCfg = Release|Any CPU
		{B8C15C2C-5F8A-4C9C-927B-AE9946534E9C}.Release|Any CPU.Build.0 = Release|Any CPU
		{00814B44-43C4-4230-8A5D-15730E0EA738}.Debug|Any CPU.ActiveCfg = Debug|Any CPU
		{00814B44-43C4-4230-8A5D-15730E0EA738}.Debug|Any CPU.Build.0 = Debug|Any CPU
		{00814B44-43C4-4230-8A5D-15730E0EA738}.Release|Any CPU.ActiveCfg = Release|Any CPU
		{00814B44-43C4-4230-8A5D-15730E0EA738}.Release|Any CPU.Build.0 = Release|Any CPU
		{9CD71F43-4E0D-4EE1-B02E-623F15AA01EB}.Debug|Any CPU.ActiveCfg = Debug|Any CPU
		{9CD71F43-4E0D-4EE1-B02E-623F15AA01EB}.Debug|Any CPU.Build.0 = Debug|Any CPU
		{9CD71F43-4E0D-4EE1-B02E-623F15AA01EB}.Release|Any CPU.ActiveCfg = Release|Any CPU
		{9CD71F43-4E0D-4EE1-B02E-623F15AA01EB}.Release|Any CPU.Build.0 = Release|Any CPU
		{58ED09AB-F167-4532-B809-F53B8F8CF7CC}.Debug|Any CPU.ActiveCfg = Debug|Any CPU
		{58ED09AB-F167-4532-B809-F53B8F8CF7CC}.Debug|Any CPU.Build.0 = Debug|Any CPU
		{58ED09AB-F167-4532-B809-F53B8F8CF7CC}.Release|Any CPU.ActiveCfg = Release|Any CPU
		{58ED09AB-F167-4532-B809-F53B8F8CF7CC}.Release|Any CPU.Build.0 = Release|Any CPU
		{6321C47D-C275-424C-ACD7-390367A9968E}.Debug|Any CPU.ActiveCfg = Debug|Any CPU
		{6321C47D-C275-424C-ACD7-390367A9968E}.Debug|Any CPU.Build.0 = Debug|Any CPU
		{6321C47D-C275-424C-ACD7-390367A9968E}.Release|Any CPU.ActiveCfg = Release|Any CPU
		{6321C47D-C275-424C-ACD7-390367A9968E}.Release|Any CPU.Build.0 = Release|Any CPU
		{6364342A-33F1-46FF-9DAB-DF3B24113905}.Debug|Any CPU.ActiveCfg = Debug|Any CPU
		{6364342A-33F1-46FF-9DAB-DF3B24113905}.Debug|Any CPU.Build.0 = Debug|Any CPU
		{6364342A-33F1-46FF-9DAB-DF3B24113905}.Release|Any CPU.ActiveCfg = Release|Any CPU
		{6364342A-33F1-46FF-9DAB-DF3B24113905}.Release|Any CPU.Build.0 = Release|Any CPU
	EndGlobalSection
EndGlobal
